<?xml version="1.0" encoding="utf-8"?>
<Project ToolsVersion="4.0" xmlns="http://schemas.microsoft.com/developer/msbuild/2003">
  <ItemGroup>
    <Filter Include="Source Files">
      <UniqueIdentifier>{4FC737F1-C7A5-4376-A066-2A32D752A2FF}</UniqueIdentifier>
      <Extensions>cpp;c;cc;cxx;def;odl;idl;hpj;bat;asm;asmx</Extensions>
    </Filter>
    <Filter Include="Header Files">
      <UniqueIdentifier>{93995380-89BD-4b04-88EB-625FBE52EBFB}</UniqueIdentifier>
      <Extensions>h;hpp;hxx;hm;inl;inc;xsd</Extensions>
    </Filter>
    <Filter Include="Resource Files">
      <UniqueIdentifier>{67DA6AB6-F800-4c08-8B7A-83BB121AAD01}</UniqueIdentifier>
      <Extensions>rc;ico;cur;bmp;dlg;rc2;rct;bin;rgs;gif;jpg;jpeg;jpe;resx;tiff;tif;png;wav;mfcribbon-ms</Extensions>
    </Filter>
    <Filter Include="Render System">
      <UniqueIdentifier>{2ea869c9-3871-450f-ad4f-96e5a8c2124a}</UniqueIdentifier>
    </Filter>
    <Filter Include="Framework System">
      <UniqueIdentifier>{58791ac7-0b12-468a-846a-023f62e6a534}</UniqueIdentifier>
    </Filter>
    <Filter Include="Util System">
      <UniqueIdentifier>{242e9080-5c9c-47b0-b29e-16619f784b11}</UniqueIdentifier>
    </Filter>
    <Filter Include="Input System">
      <UniqueIdentifier>{4a724ead-91db-4d5d-9c2a-69bdf24b4ae8}</UniqueIdentifier>
    </Filter>
    <Filter Include="Common System">
      <UniqueIdentifier>{f21b400f-ac4c-4726-80e7-c01004c35420}</UniqueIdentifier>
    </Filter>
    <Filter Include="Physics System">
      <UniqueIdentifier>{79dbe8d8-b7b5-4937-a286-b035b5efe927}</UniqueIdentifier>
    </Filter>
    <Filter Include="Util System\Text">
      <UniqueIdentifier>{e9150e5b-51a6-4e51-a888-3b9aa712e99f}</UniqueIdentifier>
    </Filter>
  </ItemGroup>
  <ItemGroup>
    <ClCompile Include="Framework.cpp">
      <Filter>Framework System</Filter>
    </ClCompile>
    <ClCompile Include="Render.cpp">
      <Filter>Render System</Filter>
    </ClCompile>
    <ClCompile Include="main.cpp">
      <Filter>Source Files</Filter>
    </ClCompile>
    <ClCompile Include="Physics.cpp">
      <Filter>Physics System</Filter>
    </ClCompile>
    <ClCompile Include="PhysXError.cpp">
      <Filter>Physics System</Filter>
    </ClCompile>
    <ClCompile Include="Window.cpp">
      <Filter>Render System</Filter>
    </ClCompile>
    <ClCompile Include="Log.cpp">
      <Filter>Util System</Filter>
    </ClCompile>
    <ClCompile Include="InputMgr.cpp">
      <Filter>Input System</Filter>
    </ClCompile>
    <ClCompile Include="Scene.cpp">
      <Filter>Physics System</Filter>
    </ClCompile>
    <ClCompile Include="Stepper.cpp">
      <Filter>Framework System</Filter>
    </ClCompile>
    <ClCompile Include="Fps.cpp">
      <Filter>Util System</Filter>
    </ClCompile>
    <ClCompile Include="NewRender.cpp">
      <Filter>Source Files</Filter>
    </ClCompile>
    <ClCompile Include="Actor.cpp">
      <Filter>Util System</Filter>
    </ClCompile>
    <ClCompile Include="Buffer.cpp">
      <Filter>Util System</Filter>
    </ClCompile>
    <ClCompile Include="Shader.cpp">
      <Filter>Render System</Filter>
    </ClCompile>
    <ClCompile Include="Text.cpp">
      <Filter>Util System\Text</Filter>
    </ClCompile>
    <ClCompile Include="TextManager.cpp">
      <Filter>Util System\Text</Filter>
    </ClCompile>
    <ClCompile Include="BitmapFont.cpp">
      <Filter>Util System\Text</Filter>
    </ClCompile>
  </ItemGroup>
  <ItemGroup>
    <None Include="..\..\D3D11_Chapter_1\D3D11_Chapter_1\log.txt">
      <Filter>Resource Files</Filter>
    </None>
    <None Include="pointlight.vs">
      <Filter>Resource Files</Filter>
    </None>
    <None Include="BitmapFont.vs">
      <Filter>Resource Files</Filter>
    </None>
    <None Include="pointlight.ps">
      <Filter>Resource Files</Filter>
    </None>
    <None Include="BitmapFont.ps">
      <Filter>Resource Files</Filter>
    </None>
  </ItemGroup>
  <ItemGroup>
    <ClInclude Include="macros.h">
      <Filter>Common System</Filter>
    </ClInclude>
    <ClInclude Include="InputCodes.h">
      <Filter>Common System</Filter>
    </ClInclude>
    <ClInclude Include="Render.h">
      <Filter>Render System</Filter>
    </ClInclude>
    <ClInclude Include="Framework.h">
      <Filter>Framework System</Filter>
    </ClInclude>
    <ClInclude Include="Physics.h">
      <Filter>Physics System</Filter>
    </ClInclude>
    <ClInclude Include="PhysXError.h">
      <Filter>Physics System</Filter>
    </ClInclude>
    <ClInclude Include="Window.h">
      <Filter>Render System</Filter>
    </ClInclude>
    <ClInclude Include="Log.h">
      <Filter>Util System</Filter>
    </ClInclude>
    <ClInclude Include="InputListener.h">
      <Filter>Input System</Filter>
    </ClInclude>
    <ClInclude Include="InputMgr.h">
      <Filter>Input System</Filter>
    </ClInclude>
    <ClInclude Include="DefHeaders.h">
      <Filter>Header Files</Filter>
    </ClInclude>
    <ClInclude Include="Scene.h">
      <Filter>Physics System</Filter>
    </ClInclude>
    <ClInclude Include="Stepper.h">
      <Filter>Framework System</Filter>
    </ClInclude>
    <ClInclude Include="Fps.h">
      <Filter>Util System</Filter>
    </ClInclude>
    <ClInclude Include="NewRender.h">
      <Filter>Source Files</Filter>
    </ClInclude>
    <ClInclude Include="Actor.h">
      <Filter>Util System</Filter>
    </ClInclude>
    <ClInclude Include="Buffer.h">
      <Filter>Util System</Filter>
    </ClInclude>
    <ClInclude Include="Shader.h">
      <Filter>Render System</Filter>
    </ClInclude>
    <ClInclude Include="TextManager.h">
      <Filter>Util System\Text</Filter>
    </ClInclude>
    <ClInclude Include="Text.h">
      <Filter>Util System\Text</Filter>
    </ClInclude>
    <ClInclude Include="BitmapFont.h">
      <Filter>Util System\Text</Filter>
    </ClInclude>
  </ItemGroup>
</Project>